
Microsoft Visual Studio Solution File, Format Version 12.00
# Visual Studio Version 17
VisualStudioVersion = 17.14.36401.2
MinimumVisualStudioVersion = 10.0.40219.1
Project("{FAE04EC0-301F-11D3-BF4B-00C04F79EFBC}") = "IMC", "pro_2prac\IMC.csproj", "{63DAAFF1-AB19-4132-AB9D-19A53C256C41}"
EndProject
Project("{FAE04EC0-301F-11D3-BF4B-00C04F79EFBC}") = "Contador_clics", "Contador_clics\Contador_clics.csproj", "{55EF6C0B-573B-41DB-AA38-41EAD33D635D}"
EndProject
Project("{FAE04EC0-301F-11D3-BF4B-00C04F79EFBC}") = "conver_temp", "conver_temp\conver_temp.csproj", "{BCA4A11D-B037-438A-9A1E-6B4EA71F7E1E}"
EndProject
Global
	GlobalSection(SolutionConfigurationPlatforms) = preSolution
		Debug|Any CPU = Debug|Any CPU
		Release|Any CPU = Release|Any CPU
	EndGlobalSection
	GlobalSection(ProjectConfigurationPlatforms) = postSolution
		{63DAAFF1-AB19-4132-AB9D-19A53C256C41}.Debug|Any CPU.ActiveCfg = Debug|Any CPU
		{63DAAFF1-AB19-4132-AB9D-19A53C256C41}.Debug|Any CPU.Build.0 = Debug|Any CPU
		{63DAAFF1-AB19-4132-AB9D-19A53C256C41}.Release|Any CPU.ActiveCfg = Release|Any CPU
		{63DAAFF1-AB19-4132-AB9D-19A53C256C41}.Release|Any CPU.Build.0 = Release|Any CPU
		{55EF6C0B-573B-41DB-AA38-41EAD33D635D}.Debug|Any CPU.ActiveCfg = Debug|Any CPU
		{55EF6C0B-573B-41DB-AA38-41EAD33D635D}.Debug|Any CPU.Build.0 = Debug|Any CPU
		{55EF6C0B-573B-41DB-AA38-41EAD33D635D}.Release|Any CPU.ActiveCfg = Release|Any CPU
		{55EF6C0B-573B-41DB-AA38-41EAD33D635D}.Release|Any CPU.Build.0 = Release|Any CPU
		{BCA4A11D-B037-438A-9A1E-6B4EA71F7E1E}.Debug|Any CPU.ActiveCfg = Debug|Any CPU
		{BCA4A11D-B037-438A-9A1E-6B4EA71F7E1E}.Debug|Any CPU.Build.0 = Debug|Any CPU
		{BCA4A11D-B037-438A-9A1E-6B4EA71F7E1E}.Release|Any CPU.ActiveCfg = Release|Any CPU
		{BCA4A11D-B037-438A-9A1E-6B4EA71F7E1E}.Release|Any CPU.Build.0 = Release|Any CPU
	EndGlobalSection
	GlobalSection(SolutionProperties) = preSolution
		HideSolutionNode = FALSE
	EndGlobalSection
	GlobalSection(ExtensibilityGlobals) = postSolution
		SolutionGuid = {3BC72854-21C4-4716-9569-DB68AFB55A30}
	EndGlobalSection
EndGlobal
